// !$*UTF8*$!
{
	archiveVersion = 1;
	classes = {
	};
	objectVersion = 77;
	objects = {

/* Begin PBXBuildFile section */
		ED9A8D792E7377FE00EBE945 /* TODO in Resources */ = {isa = PBXBuildFile; fileRef = ED9A8D782E7377FE00EBE945 /* TODO */; };
/* End PBXBuildFile section */

/* Begin PBXContainerItemProxy section */
		ED1ECAE42E69C03A003FB90E /* PBXContainerItemProxy */ = {
			isa = PBXContainerItemProxy;
			containerPortal = ED1ECACE2E69C038003FB90E /* Project object */;
			proxyType = 1;
			remoteGlobalIDString = ED1ECAD52E69C038003FB90E;
			remoteInfo = MarineIntelApp;
		};
		ED1ECAEE2E69C03A003FB90E /* PBXContainerItemProxy */ = {
			isa = PBXContainerItemProxy;
			containerPortal = ED1ECACE2E69C038003FB90E /* Project object */;
			proxyType = 1;
			remoteGlobalIDString = ED1ECAD52E69C038003FB90E;
			remoteInfo = MarineIntelApp;
		};
/* End PBXContainerItemProxy section */

/* Begin PBXFileReference section */
		ED1ECAD62E69C038003FB90E /* MarineIntelApp.app */ = {isa = PBXFileReference; explicitFileType = wrapper.application; includeInIndex = 0; path = MarineIntelApp.app; sourceTree = BUILT_PRODUCTS_DIR; };
		ED1ECAE32E69C03A003FB90E /* MarineIntelAppTests.xctest */ = {isa = PBXFileReference; explicitFileType = wrapper.cfbundle; includeInIndex = 0; path = MarineIntelAppTests.xctest; sourceTree = BUILT_PRODUCTS_DIR; };
		ED1ECAED2E69C03A003FB90E /* MarineIntelAppUITests.xctest */ = {isa = PBXFileReference; explicitFileType = wrapper.cfbundle; includeInIndex = 0; path = MarineIntelAppUITests.xctest; sourceTree = BUILT_PRODUCTS_DIR; };
		ED9A8D782E7377FE00EBE945 /* TODO */ = {isa = PBXFileReference; lastKnownFileType = text; path = TODO; sourceTree = "<group>"; };
/* End PBXFileReference section */

/* Begin PBXFileSystemSynchronizedRootGroup section */
		ED1ECAD82E69C038003FB90E /* MarineIntelApp */ = {
			isa = PBXFileSystemSynchronizedRootGroup;
			path = MarineIntelApp;
			sourceTree = "<group>";
		};
		ED1ECAE62E69C03A003FB90E /* MarineIntelAppTests */ = {
			isa = PBXFileSystemSynchronizedRootGroup;
			path = MarineIntelAppTests;
			sourceTree = "<group>";
		};
		ED1ECAF02E69C03A003FB90E /* MarineIntelAppUITests */ = {
			isa = PBXFileSystemSynchronizedRootGroup;
			path = MarineIntelAppUITests;
			sourceTree = "<group>";
		};
/* End PBXFileSystemSynchronizedRootGroup section */

/* Begin PBXFrameworksBuildPhase section */
		ED1ECAD32E69C038003FB90E /* Frameworks */ = {
			isa = PBXFrameworksBuildPhase;
			buildActionMask = 2147483647;
			files = (
			);
			runOnlyForDeploymentPostprocessing = 0;
		};
		ED1ECAE02E69C03A003FB90E /* Frameworks */ = {
			isa = PBXFrameworksBuildPhase;
			buildActionMask = 2147483647;
			files = (
			);
			runOnlyForDeploymentPostprocessing = 0;
		};
		ED1ECAEA2E69C03A003FB90E /* Frameworks */ = {
			isa = PBXFrameworksBuildPhase;
			buildActionMask = 2147483647;
			files = (
			);
			runOnlyForDeploymentPostprocessing = 0;
		};
/* End PBXFrameworksBuildPhase section */

/* Begin PBXGroup section */
		ED1ECACD2E69C038003FB90E = {
			isa = PBXGroup;
			children = (
				ED9A8D782E7377FE00EBE945 /* TODO */,
				ED1ECAD82E69C038003FB90E /* MarineIntelApp */,
				ED1ECAE62E69C03A003FB90E /* MarineIntelAppTests */,
				ED1ECAF02E69C03A003FB90E /* MarineIntelAppUITests */,
				ED1ECAD72E69C038003FB90E /* Products */,
			);
			sourceTree = "<group>";
		};
		ED1ECAD72E69C038003FB90E /* Products */ = {
			isa = PBXGroup;
			children = (
				ED1ECAD62E69C038003FB90E /* MarineIntelApp.app */,
				ED1ECAE32E69C03A003FB90E /* MarineIntelAppTests.xctest */,
				ED1ECAED2E69C03A003FB90E /* MarineIntelAppUITests.xctest */,
			);
			name = Products;
			sourceTree = "<group>";
		};
/* End PBXGroup section */

/* Begin PBXNativeTarget section */
		ED1ECAD52E69C038003FB90E /* MarineIntelApp */ = {
			isa = PBXNativeTarget;
			buildConfigurationList = ED1ECAF72E69C03A003FB90E /* Build configuration list for PBXNativeTarget "MarineIntelApp" */;
			buildPhases = (
				ED1ECAD22E69C038003FB90E /* Sources */,
				ED1ECAD32E69C038003FB90E /* Frameworks */,
				ED1ECAD42E69C038003FB90E /* Resources */,
			);
			buildRules = (
			);
			dependencies = (
			);
			fileSystemSynchronizedGroups = (
				ED1ECAD82E69C038003FB90E /* MarineIntelApp */,
			);
			name = MarineIntelApp;
			packageProductDependencies = (
			);
			productName = MarineIntelApp;
			productReference = ED1ECAD62E69C038003FB90E /* MarineIntelApp.app */;
			productType = "com.apple.product-type.application";
		};
		ED1ECAE22E69C03A003FB90E /* MarineIntelAppTests */ = {
			isa = PBXNativeTarget;
			buildConfigurationList = ED1ECAFA2E69C03A003FB90E /* Build configuration list for PBXNativeTarget "MarineIntelAppTests" */;
			buildPhases = (
				ED1ECADF2E69C03A003FB90E /* Sources */,
				ED1ECAE02E69C03A003FB90E /* Frameworks */,
				ED1ECAE12E69C03A003FB90E /* Resources */,
			);
			buildRules = (
			);
			dependencies = (
				ED1ECAE52E69C03A003FB90E /* PBXTargetDependency */,
			);
			fileSystemSynchronizedGroups = (
				ED1ECAE62E69C03A003FB90E /* MarineIntelAppTests */,
			);
			name = MarineIntelAppTests;
			packageProductDependencies = (
			);
			productName = MarineIntelAppTests;
			productReference = ED1ECAE32E69C03A003FB90E /* MarineIntelAppTests.xctest */;
			productType = "com.apple.product-type.bundle.unit-test";
		};
		ED1ECAEC2E69C03A003FB90E /* MarineIntelAppUITests */ = {
			isa = PBXNativeTarget;
			buildConfigurationList = ED1ECAFD2E69C03A003FB90E /* Build configuration list for PBXNativeTarget "MarineIntelAppUITests" */;
			buildPhases = (
				ED1ECAE92E69C03A003FB90E /* Sources */,
				ED1ECAEA2E69C03A003FB90E /* Frameworks */,
				ED1ECAEB2E69C03A003FB90E /* Resources */,
			);
			buildRules = (
			);
			dependencies = (
				ED1ECAEF2E69C03A003FB90E /* PBXTargetDependency */,
			);
			fileSystemSynchronizedGroups = (
				ED1ECAF02E69C03A003FB90E /* MarineIntelAppUITests */,
			);
			name = MarineIntelAppUITests;
			packageProductDependencies = (
			);
			productName = MarineIntelAppUITests;
			productReference = ED1ECAED2E69C03A003FB90E /* MarineIntelAppUITests.xctest */;
			productType = "com.apple.product-type.bundle.ui-testing";
		};
/* End PBXNativeTarget section */

/* Begin PBXProject section */
		ED1ECACE2E69C038003FB90E /* Project object */ = {
			isa = PBXProject;
			attributes = {
				BuildIndependentTargetsInParallel = 1;
				LastSwiftUpdateCheck = 1640;
				LastUpgradeCheck = 1640;
				TargetAttributes = {
					ED1ECAD52E69C038003FB90E = {
						CreatedOnToolsVersion = 16.4;
					};
					ED1ECAE22E69C03A003FB90E = {
						CreatedOnToolsVersion = 16.4;
						TestTargetID = ED1ECAD52E69C038003FB90E;
					};
					ED1ECAEC2E69C03A003FB90E = {
						CreatedOnToolsVersion = 16.4;
						TestTargetID = ED1ECAD52E69C038003FB90E;
					};
				};
			};
			buildConfigurationList = ED1ECAD12E69C038003FB90E /* Build configuration list for PBXProject "MarineIntelApp" */;
			developmentRegion = en;
			hasScannedForEncodings = 0;
			knownRegions = (
				en,
				Base,
			);
			mainGroup = ED1ECACD2E69C038003FB90E;
			minimizedProjectReferenceProxies = 1;
			preferredProjectObjectVersion = 77;
			productRefGroup = ED1ECAD72E69C038003FB90E /* Products */;
			projectDirPath = "";
			projectRoot = "";
			targets = (
				ED1ECAD52E69C038003FB90E /* MarineIntelApp */,
				ED1ECAE22E69C03A003FB90E /* MarineIntelAppTests */,
				ED1ECAEC2E69C03A003FB90E /* MarineIntelAppUITests */,
			);
		};
/* End PBXProject section */

/* Begin PBXResourcesBuildPhase section */
		ED1ECAD42E69C038003FB90E /* Resources */ = {
			isa = PBXResourcesBuildPhase;
			buildActionMask = 2147483647;
			files = (
				ED9A8D792E7377FE00EBE945 /* TODO in Resources */,
			);
			runOnlyForDeploymentPostprocessing = 0;
		};
		ED1ECAE12E69C03A003FB90E /* Resources */ = {
			isa = PBXResourcesBuildPhase;
			buildActionMask = 2147483647;
			files = (
			);
			runOnlyForDeploymentPostprocessing = 0;
		};
		ED1ECAEB2E69C03A003FB90E /* Resources */ = {
			isa = PBXResourcesBuildPhase;
			buildActionMask = 2147483647;
			files = (
			);
			runOnlyForDeploymentPostprocessing = 0;
		};
/* End PBXResourcesBuildPhase section */

/* Begin PBXSourcesBuildPhase section */
		ED1ECAD22E69C038003FB90E /* Sources */ = {
			isa = PBXSourcesBuildPhase;
			buildActionMask = 2147483647;
			files = (
			);
			runOnlyForDeploymentPostprocessing = 0;
		};
		ED1ECADF2E69C03A003FB90E /* Sources */ = {
			isa = PBXSourcesBuildPhase;
			buildActionMask = 2147483647;
			files = (
			);
			runOnlyForDeploymentPostprocessing = 0;
		};
		ED1ECAE92E69C03A003FB90E /* Sources */ = {
			isa = PBXSourcesBuildPhase;
			buildActionMask = 2147483647;
			files = (
			);
			runOnlyForDeploymentPostprocessing = 0;
		};
/* End PBXSourcesBuildPhase section */

/* Begin PBXTargetDependency section */
		ED1ECAE52E69C03A003FB90E /* PBXTargetDependency */ = {
			isa = PBXTargetDependency;
			target = ED1ECAD52E69C038003FB90E /* MarineIntelApp */;
			targetProxy = ED1ECAE42E69C03A003FB90E /* PBXContainerItemProxy */;
		};
		ED1ECAEF2E69C03A003FB90E /* PBXTargetDependency */ = {
			isa = PBXTargetDependency;
			target = ED1ECAD52E69C038003FB90E /* MarineIntelApp */;
			targetProxy = ED1ECAEE2E69C03A003FB90E /* PBXContainerItemProxy */;
		};
/* End PBXTargetDependency section */

/* Begin XCBuildConfiguration section */
		ED1ECAF52E69C03A003FB90E /* Debug */ = {
			isa = XCBuildConfiguration;
			buildSettings = {
				ALWAYS_SEARCH_USER_PATHS = NO;
				ASSETCATALOG_COMPILER_GENERATE_SWIFT_ASSET_SYMBOL_EXTENSIONS = YES;
				CLANG_ANALYZER_NONNULL = YES;
				CLANG_ANALYZER_NUMBER_OBJECT_CONVERSION = YES_AGGRESSIVE;
				CLANG_CXX_LANGUAGE_STANDARD = "gnu++20";
				CLANG_ENABLE_MODULES = YES;
				CLANG_ENABLE_OBJC_ARC = YES;
				CLANG_ENABLE_OBJC_WEAK = YES;
				CLANG_WARN_BLOCK_CAPTURE_AUTORELEASING = YES;
				CLANG_WARN_BOOL_CONVERSION = YES;
				CLANG_WARN_COMMA = YES;
				CLANG_WARN_CONSTANT_CONVERSION = YES;
				CLANG_WARN_DEPRECATED_OBJC_IMPLEMENTATIONS = YES;
				CLANG_WARN_DIRECT_OBJC_ISA_USAGE = YES_ERROR;
				CLANG_WARN_DOCUMENTATION_COMMENTS = YES;
				CLANG_WARN_EMPTY_BODY = YES;
				CLANG_WARN_ENUM_CONVERSION = YES;
				CLANG_WARN_INFINITE_RECURSION = YES;
				CLANG_WARN_INT_CONVERSION = YES;
				CLANG_WARN_NON_LITERAL_NULL_CONVERSION = YES;
				CLANG_WARN_OBJC_IMPLICIT_RETAIN_SELF = YES;
				CLANG_WARN_OBJC_LITERAL_CONVERSION = YES;
				CLANG_WARN_OBJC_ROOT_CLASS = YES_ERROR;
				CLANG_WARN_QUOTED_INCLUDE_IN_FRAMEWORK_HEADER = YES;
				CLANG_WARN_RANGE_LOOP_ANALYSIS = YES;
				CLANG_WARN_STRICT_PROTOTYPES = YES;
				CLANG_WARN_SUSPICIOUS_MOVE = YES;
				CLANG_WARN_UNGUARDED_AVAILABILITY = YES_AGGRESSIVE;
				CLANG_WARN_UNREACHABLE_CODE = YES;
				CLANG_WARN__DUPLICATE_METHOD_MATCH = YES;
				COPY_PHASE_STRIP = NO;
				DEBUG_INFORMATION_FORMAT = dwarf;
				DEVELOPMENT_TEAM = JH92DSYAHR;
				ENABLE_STRICT_OBJC_MSGSEND = YES;
				ENABLE_TESTABILITY = YES;
				ENABLE_USER_SCRIPT_SANDBOXING = YES;
				GCC_C_LANGUAGE_STANDARD = gnu17;
				GCC_DYNAMIC_NO_PIC = NO;
				GCC_NO_COMMON_BLOCKS = YES;
				GCC_OPTIMIZATION_LEVEL = 0;
				GCC_PREPROCESSOR_DEFINITIONS = (
					"DEBUG=1",
					"$(inherited)",
				);
				GCC_WARN_64_TO_32_BIT_CONVERSION = YES;
				GCC_WARN_ABOUT_RETURN_TYPE = YES_ERROR;
				GCC_WARN_UNDECLARED_SELECTOR = YES;
				GCC_WARN_UNINITIALIZED_AUTOS = YES_AGGRESSIVE;
				GCC_WARN_UNUSED_FUNCTION = YES;
				GCC_WARN_UNUSED_VARIABLE = YES;
				IPHONEOS_DEPLOYMENT_TARGET = 18.5;
				LOCALIZATION_PREFERS_STRING_CATALOGS = YES;
				MTL_ENABLE_DEBUG_INFO = INCLUDE_SOURCE;
				MTL_FAST_MATH = YES;
				ONLY_ACTIVE_ARCH = YES;
				SDKROOT = iphoneos;
				SWIFT_ACTIVE_COMPILATION_CONDITIONS = "DEBUG $(inherited)";
				SWIFT_OPTIMIZATION_LEVEL = "-Onone";
			};
			name = Debug;
		};
		ED1ECAF62E69C03A003FB90E /* Release */ = {
			isa = XCBuildConfiguration;
			buildSettings = {
				ALWAYS_SEARCH_USER_PATHS = NO;
				ASSETCATALOG_COMPILER_GENERATE_SWIFT_ASSET_SYMBOL_EXTENSIONS = YES;
				CLANG_ANALYZER_NONNULL = YES;
				CLANG_ANALYZER_NUMBER_OBJECT_CONVERSION = YES_AGGRESSIVE;
				CLANG_CXX_LANGUAGE_STANDARD = "gnu++20";
				CLANG_ENABLE_MODULES = YES;
				CLANG_ENABLE_OBJC_ARC = YES;
				CLANG_ENABLE_OBJC_WEAK = YES;
				CLANG_WARN_BLOCK_CAPTURE_AUTORELEASING = YES;
				CLANG_WARN_BOOL_CONVERSION = YES;
				CLANG_WARN_COMMA = YES;
				CLANG_WARN_CONSTANT_CONVERSION = YES;
				CLANG_WARN_DEPRECATED_OBJC_IMPLEMENTATIONS = YES;
				CLANG_WARN_DIRECT_OBJC_ISA_USAGE = YES_ERROR;
				CLANG_WARN_DOCUMENTATION_COMMENTS = YES;
				CLANG_WARN_EMPTY_BODY = YES;
				CLANG_WARN_ENUM_CONVERSION = YES;
				CLANG_WARN_INFINITE_RECURSION = YES;
				CLANG_WARN_INT_CONVERSION = YES;
				CLANG_WARN_NON_LITERAL_NULL_CONVERSION = YES;
				CLANG_WARN_OBJC_IMPLICIT_RETAIN_SELF = YES;
				CLANG_WARN_OBJC_LITERAL_CONVERSION = YES;
				CLANG_WARN_OBJC_ROOT_CLASS = YES_ERROR;
				CLANG_WARN_QUOTED_INCLUDE_IN_FRAMEWORK_HEADER = YES;
				CLANG_WARN_RANGE_LOOP_ANALYSIS = YES;
				CLANG_WARN_STRICT_PROTOTYPES = YES;
				CLANG_WARN_SUSPICIOUS_MOVE = YES;
				CLANG_WARN_UNGUARDED_AVAILABILITY = YES_AGGRESSIVE;
				CLANG_WARN_UNREACHABLE_CODE = YES;
				CLANG_WARN__DUPLICATE_METHOD_MATCH = YES;
				COPY_PHASE_STRIP = NO;
				DEBUG_INFORMATION_FORMAT = "dwarf-with-dsym";
				DEVELOPMENT_TEAM = JH92DSYAHR;
				ENABLE_NS_ASSERTIONS = NO;
				ENABLE_STRICT_OBJC_MSGSEND = YES;
				ENABLE_USER_SCRIPT_SANDBOXING = YES;
				GCC_C_LANGUAGE_STANDARD = gnu17;
				GCC_NO_COMMON_BLOCKS = YES;
				GCC_WARN_64_TO_32_BIT_CONVERSION = YES;
				GCC_WARN_ABOUT_RETURN_TYPE = YES_ERROR;
				GCC_WARN_UNDECLARED_SELECTOR = YES;
				GCC_WARN_UNINITIALIZED_AUTOS = YES_AGGRESSIVE;
				GCC_WARN_UNUSED_FUNCTION = YES;
				GCC_WARN_UNUSED_VARIABLE = YES;
				IPHONEOS_DEPLOYMENT_TARGET = 18.5;
				LOCALIZATION_PREFERS_STRING_CATALOGS = YES;
				MTL_ENABLE_DEBUG_INFO = NO;
				MTL_FAST_MATH = YES;
				SDKROOT = iphoneos;
				SWIFT_COMPILATION_MODE = wholemodule;
				VALIDATE_PRODUCT = YES;
			};
			name = Release;
		};
		ED1ECAF82E69C03A003FB90E /* Debug */ = {
			isa = XCBuildConfiguration;
			buildSettings = {
				ASSETCATALOG_COMPILER_APPICON_NAME = AppIcon;
				ASSETCATALOG_COMPILER_GLOBAL_ACCENT_COLOR_NAME = AccentColor;
				CODE_SIGN_STYLE = Automatic;
				CURRENT_PROJECT_VERSION = 1;
				DEVELOPMENT_TEAM = JH92DSYAHR;
				ENABLE_PREVIEWS = YES;
				GENERATE_INFOPLIST_FILE = YES;
				INFOPLIST_KEY_UIApplicationSceneManifest_Generation = YES;
				INFOPLIST_KEY_UIApplicationSupportsIndirectInputEvents = YES;
				INFOPLIST_KEY_UILaunchScreen_Generation = YES;
				INFOPLIST_KEY_UISupportedInterfaceOrientations_iPad = "UIInterfaceOrientationPortrait UIInterfaceOrientationPortraitUpsideDown UIInterfaceOrientationLandscapeLeft UIInterfaceOrientationLandscapeRight";
				INFOPLIST_KEY_UISupportedInterfaceOrientations_iPhone = "UIInterfaceOrientationPortrait UIInterfaceOrientationLandscapeLeft UIInterfaceOrientationLandscapeRight";
				LD_RUNPATH_SEARCH_PATHS = (
					"$(inherited)",
					"@executable_path/Frameworks",
				);
				MARKETING_VERSION = 1.0;
				PRODUCT_BUNDLE_IDENTIFIER = AshwaqAlmunmms.MarineIntelApp;
				PRODUCT_NAME = "$(TARGET_NAME)";
				SWIFT_EMIT_LOC_STRINGS = YES;
				SWIFT_VERSION = 5.0;
				TARGETED_DEVICE_FAMILY = "1,2";
			};
			name = Debug;
		};
		ED1ECAF92E69C03A003FB90E /* Release */ = {
			isa = XCBuildConfiguration;
			buildSettings = {
				ASSETCATALOG_COMPILER_APPICON_NAME = AppIcon;
				ASSETCATALOG_COMPILER_GLOBAL_ACCENT_COLOR_NAME = AccentColor;
				CODE_SIGN_STYLE = Automatic;
				CURRENT_PROJECT_VERSION = 1;
				DEVELOPMENT_TEAM = JH92DSYAHR;
				ENABLE_PREVIEWS = YES;
				GENERATE_INFOPLIST_FILE = YES;
				INFOPLIST_KEY_UIApplicationSceneManifest_Generation = YES;
				INFOPLIST_KEY_UIApplicationSupportsIndirectInputEvents = YES;
				INFOPLIST_KEY_UILaunchScreen_Generation = YES;
				INFOPLIST_KEY_UISupportedInterfaceOrientations_iPad = "UIInterfaceOrientationPortrait UIInterfaceOrientationPortraitUpsideDown UIInterfaceOrientationLandscapeLeft UIInterfaceOrientationLandscapeRight";
				INFOPLIST_KEY_UISupportedInterfaceOrientations_iPhone = "UIInterfaceOrientationPortrait UIInterfaceOrientationLandscapeLeft UIInterfaceOrientationLandscapeRight";
				LD_RUNPATH_SEARCH_PATHS = (
					"$(inherited)",
					"@executable_path/Frameworks",
				);
				MARKETING_VERSION = 1.0;
				PRODUCT_BUNDLE_IDENTIFIER = AshwaqAlmunmms.MarineIntelApp;
				PRODUCT_NAME = "$(TARGET_NAME)";
				SWIFT_EMIT_LOC_STRINGS = YES;
				SWIFT_VERSION = 5.0;
				TARGETED_DEVICE_FAMILY = "1,2";
			};
			name = Release;
		};
		ED1ECAFB2E69C03A003FB90E /* Debug */ = {
			isa = XCBuildConfiguration;
			buildSettings = {
				BUNDLE_LOADER = "$(TEST_HOST)";
				CODE_SIGN_STYLE = Automatic;
				CURRENT_PROJECT_VERSION = 1;
				DEVELOPMENT_TEAM = JH92DSYAHR;
				GENERATE_INFOPLIST_FILE = YES;
				IPHONEOS_DEPLOYMENT_TARGET = 18.5;
				MARKETING_VERSION = 1.0;
				PRODUCT_BUNDLE_IDENTIFIER = AshwaqAlmunmms.MarineIntelAppTests;
				PRODUCT_NAME = "$(TARGET_NAME)";
				SWIFT_EMIT_LOC_STRINGS = NO;
				SWIFT_VERSION = 5.0;
				TARGETED_DEVICE_FAMILY = "1,2";
				TEST_HOST = "$(BUILT_PRODUCTS_DIR)/MarineIntelApp.app/$(BUNDLE_EXECUTABLE_FOLDER_PATH)/MarineIntelApp";
			};
			name = Debug;
		};
		ED1ECAFC2E69C03A003FB90E /* Release */ = {
			isa = XCBuildConfiguration;
			buildSettings = {
				BUNDLE_LOADER = "$(TEST_HOST)";
				CODE_SIGN_STYLE = Automatic;
				CURRENT_PROJECT_VERSION = 1;
				DEVELOPMENT_TEAM = JH92DSYAHR;
				GENERATE_INFOPLIST_FILE = YES;
				IPHONEOS_DEPLOYMENT_TARGET = 18.5;
				MARKETING_VERSION = 1.0;
				PRODUCT_BUNDLE_IDENTIFIER = AshwaqAlmunmms.MarineIntelAppTests;
				PRODUCT_NAME = "$(TARGET_NAME)";
				SWIFT_EMIT_LOC_STRINGS = NO;
				SWIFT_VERSION = 5.0;
				TARGETED_DEVICE_FAMILY = "1,2";
				TEST_HOST = "$(BUILT_PRODUCTS_DIR)/MarineIntelApp.app/$(BUNDLE_EXECUTABLE_FOLDER_PATH)/MarineIntelApp";
			};
			name = Release;
		};
		ED1ECAFE2E69C03A003FB90E /* Debug */ = {
			isa = XCBuildConfiguration;
			buildSettings = {
				CODE_SIGN_STYLE = Automatic;
				CURRENT_PROJECT_VERSION = 1;
				DEVELOPMENT_TEAM = JH92DSYAHR;
				GENERATE_INFOPLIST_FILE = YES;
				MARKETING_VERSION = 1.0;
				PRODUCT_BUNDLE_IDENTIFIER = AshwaqAlmunmms.MarineIntelAppUITests;
				PRODUCT_NAME = "$(TARGET_NAME)";
				SWIFT_EMIT_LOC_STRINGS = NO;
				SWIFT_VERSION = 5.0;
				TARGETED_DEVICE_FAMILY = "1,2";
				TEST_TARGET_NAME = MarineIntelApp;
			};
			name = Debug;
		};
		ED1ECAFF2E69C03A003FB90E /* Release */ = {
			isa = XCBuildConfiguration;
			buildSettings = {
				CODE_SIGN_STYLE = Automatic;
				CURRENT_PROJECT_VERSION = 1;
				DEVELOPMENT_TEAM = JH92DSYAHR;
				GENERATE_INFOPLIST_FILE = YES;
				MARKETING_VERSION = 1.0;
				PRODUCT_BUNDLE_IDENTIFIER = AshwaqAlmunmms.MarineIntelAppUITests;
				PRODUCT_NAME = "$(TARGET_NAME)";
				SWIFT_EMIT_LOC_STRINGS = NO;
				SWIFT_VERSION = 5.0;
				TARGETED_DEVICE_FAMILY = "1,2";
				TEST_TARGET_NAME = MarineIntelApp;
			};
			name = Release;
		};
/* End XCBuildConfiguration section */

/* Begin XCConfigurationList section */
		ED1ECAD12E69C038003FB90E /* Build configuration list for PBXProject "MarineIntelApp" */ = {
			isa = XCConfigurationList;
			buildConfigurations = (
				ED1ECAF52E69C03A003FB90E /* Debug */,
				ED1ECAF62E69C03A003FB90E /* Release */,
			);
			defaultConfigurationIsVisible = 0;
			defaultConfigurationName = Release;
		};
		ED1ECAF72E69C03A003FB90E /* Build configuration list for PBXNativeTarget "MarineIntelApp" */ = {
			isa = XCConfigurationList;
			buildConfigurations = (
				ED1ECAF82E69C03A003FB90E /* Debug */,
				ED1ECAF92E69C03A003FB90E /* Release */,
			);
			defaultConfigurationIsVisible = 0;
			defaultConfigurationName = Release;
		};
		ED1ECAFA2E69C03A003FB90E /* Build configuration list for PBXNativeTarget "MarineIntelAppTests" */ = {
			isa = XCConfigurationList;
			buildConfigurations = (
				ED1ECAFB2E69C03A003FB90E /* Debug */,
				ED1ECAFC2E69C03A003FB90E /* Release */,
			);
			defaultConfigurationIsVisible = 0;
			defaultConfigurationName = Release;
		};
		ED1ECAFD2E69C03A003FB90E /* Build configuration list for PBXNativeTarget "MarineIntelAppUITests" */ = {
			isa = XCConfigurationList;
			buildConfigurations = (
				ED1ECAFE2E69C03A003FB90E /* Debug */,
				ED1ECAFF2E69C03A003FB90E /* Release */,
			);
			defaultConfigurationIsVisible = 0;
			defaultConfigurationName = Release;
		};
/* End XCConfigurationList section */
	};
	rootObject = ED1ECACE2E69C038003FB90E /* Project object */;
}
